{
  "pins" : [
    {
      "identity" : "swift-mask-textfield",
      "kind" : "remoteSourceControl",
      "location" : "https://github.com/DoubleNodeOpen/swift-mask-textfield.git",
      "state" : {
        "revision" : "a5546b7ae52f8d6e0b067c25606f3455056b92a5",
        "version" : "1.1.2"
      }
    }
  ],
  "version" : 2
}
